
Microsoft Visual Studio Solution File, Format Version 12.00
# Visual Studio Version 16
VisualStudioVersion = 16.0.32802.440
MinimumVisualStudioVersion = 10.0.40219.1
Project("{FAE04EC0-301F-11D3-BF4B-00C04F79EFBC}") = "Process and Tread", "Process and Tread\Process and Tread.csproj", "{664E6262-2960-417A-8416-3B184D40FBE6}"
EndProject
Global
	GlobalSection(SolutionConfigurationPlatforms) = preSolution
		Debug|Any CPU = Debug|Any CPU
		Release|Any CPU = Release|Any CPU
	EndGlobalSection
	GlobalSection(ProjectConfigurationPlatforms) = postSolution
		{664E6262-2960-417A-8416-3B184D40FBE6}.Debug|Any CPU.ActiveCfg = Debug|Any CPU
		{664E6262-2960-417A-8416-3B184D40FBE6}.Debug|Any CPU.Build.0 = Debug|Any CPU
		{664E6262-2960-417A-8416-3B184D40FBE6}.Release|Any CPU.ActiveCfg = Release|Any CPU
		{664E6262-2960-417A-8416-3B184D40FBE6}.Release|Any CPU.Build.0 = Release|Any CPU
	EndGlobalSection
	GlobalSection(SolutionProperties) = preSolution
		HideSolutionNode = FALSE
	EndGlobalSection
	GlobalSection(ExtensibilityGlobals) = postSolution
		SolutionGuid = {0DFE2BA8-C45F-475C-8516-57637D2ED27C}
	EndGlobalSection
EndGlobal
